
Microsoft Visual Studio Solution File, Format Version 12.00
# Visual Studio Version 16
VisualStudioVersion = 16.0.30114.105
MinimumVisualStudioVersion = 10.0.40219.1
Project("{FAE04EC0-301F-11D3-BF4B-00C04F79EFBC}") = "Algorithms.Core", "Algorithms.Core\Algorithms.Core.csproj", "{5A76FA5C-EDA9-45B9-9A18-A9536B436F4A}"
EndProject
Project("{FAE04EC0-301F-11D3-BF4B-00C04F79EFBC}") = "Algorithms.Tests", "Algorithms.Tests\Algorithms.Tests.csproj", "{5AB90CBE-98AE-4B93-97D7-EC86B4CFF16F}"
EndProject
Global
	GlobalSection(SolutionConfigurationPlatforms) = preSolution
		Debug|Any CPU = Debug|Any CPU
		Release|Any CPU = Release|Any CPU
	EndGlobalSection
	GlobalSection(SolutionProperties) = preSolution
		HideSolutionNode = FALSE
	EndGlobalSection
	GlobalSection(ProjectConfigurationPlatforms) = postSolution
		{5A76FA5C-EDA9-45B9-9A18-A9536B436F4A}.Debug|Any CPU.ActiveCfg = Debug|Any CPU
		{5A76FA5C-EDA9-45B9-9A18-A9536B436F4A}.Debug|Any CPU.Build.0 = Debug|Any CPU
		{5A76FA5C-EDA9-45B9-9A18-A9536B436F4A}.Release|Any CPU.ActiveCfg = Release|Any CPU
		{5A76FA5C-EDA9-45B9-9A18-A9536B436F4A}.Release|Any CPU.Build.0 = Release|Any CPU
		{5AB90CBE-98AE-4B93-97D7-EC86B4CFF16F}.Debug|Any CPU.ActiveCfg = Debug|Any CPU
		{5AB90CBE-98AE-4B93-97D7-EC86B4CFF16F}.Debug|Any CPU.Build.0 = Debug|Any CPU
		{5AB90CBE-98AE-4B93-97D7-EC86B4CFF16F}.Release|Any CPU.ActiveCfg = Release|Any CPU
		{5AB90CBE-98AE-4B93-97D7-EC86B4CFF16F}.Release|Any CPU.Build.0 = Release|Any CPU
	EndGlobalSection
EndGlobal
